
Microsoft Visual Studio Solution File, Format Version 12.00
# Visual Studio 14
VisualStudioVersion = 14.0.25123.0
MinimumVisualStudioVersion = 10.0.40219.1
Project("{6989167D-11E4-40FE-8C1A-2192A86A7E90}") = "ALaDyn", "src\ALaDyn.vfproj", "{1B375ADD-BC4F-4E04-BA51-AF27CAC03788}"
	ProjectSection(ProjectDependencies) = postProject
		{69256B7F-CD04-454A-97F8-752697F853B6} = {69256B7F-CD04-454A-97F8-752697F853B6}
	EndProjectSection
EndProject
Project("{8BC9CEB8-8B4A-11D0-8D11-00A0C91BC942}") = "ALaDyn_cpp_dependencies", "src\ALaDyn_cpp_dependencies.vcxproj", "{69256B7F-CD04-454A-97F8-752697F853B6}"
EndProject
Global
	GlobalSection(SolutionConfigurationPlatforms) = preSolution
		Debug|x64 = Debug|x64
		Debug|x86 = Debug|x86
		Release|x64 = Release|x64
		Release|x86 = Release|x86
	EndGlobalSection
	GlobalSection(ProjectConfigurationPlatforms) = postSolution
		{1B375ADD-BC4F-4E04-BA51-AF27CAC03788}.Debug|x64.ActiveCfg = Debug|x64
		{1B375ADD-BC4F-4E04-BA51-AF27CAC03788}.Debug|x64.Build.0 = Debug|x64
		{1B375ADD-BC4F-4E04-BA51-AF27CAC03788}.Debug|x86.ActiveCfg = Debug|Win32
		{1B375ADD-BC4F-4E04-BA51-AF27CAC03788}.Debug|x86.Build.0 = Debug|Win32
		{1B375ADD-BC4F-4E04-BA51-AF27CAC03788}.Release|x64.ActiveCfg = Release|x64
		{1B375ADD-BC4F-4E04-BA51-AF27CAC03788}.Release|x64.Build.0 = Release|x64
		{1B375ADD-BC4F-4E04-BA51-AF27CAC03788}.Release|x86.ActiveCfg = Release|Win32
		{1B375ADD-BC4F-4E04-BA51-AF27CAC03788}.Release|x86.Build.0 = Release|Win32
		{69256B7F-CD04-454A-97F8-752697F853B6}.Debug|x64.ActiveCfg = Debug|x64
		{69256B7F-CD04-454A-97F8-752697F853B6}.Debug|x64.Build.0 = Debug|x64
		{69256B7F-CD04-454A-97F8-752697F853B6}.Debug|x86.ActiveCfg = Debug|Win32
		{69256B7F-CD04-454A-97F8-752697F853B6}.Debug|x86.Build.0 = Debug|Win32
		{69256B7F-CD04-454A-97F8-752697F853B6}.Release|x64.ActiveCfg = Release|x64
		{69256B7F-CD04-454A-97F8-752697F853B6}.Release|x64.Build.0 = Release|x64
		{69256B7F-CD04-454A-97F8-752697F853B6}.Release|x86.ActiveCfg = Release|Win32
		{69256B7F-CD04-454A-97F8-752697F853B6}.Release|x86.Build.0 = Release|Win32
	EndGlobalSection
	GlobalSection(SolutionProperties) = preSolution
		HideSolutionNode = FALSE
	EndGlobalSection
EndGlobal
